// !$*UTF8*$!
{
	archiveVersion = 1;
	classes = {
	};
	objectVersion = 46;
	objects = {

/* Begin PBXBuildFile section */
		CF9398CE30B03C76CD299858 /* Pods_KLSwift.framework in Frameworks */ = {isa = PBXBuildFile; fileRef = 47098547A4FF6352F9401FE0 /* Pods_KLSwift.framework */; };
		E707A5DA1DC832F300B8AFE9 /* UIBarButtonItem+Extension.swift in Sources */ = {isa = PBXBuildFile; fileRef = E707A5D91DC832F300B8AFE9 /* UIBarButtonItem+Extension.swift */; };
		E707A5E11DC83CA700B8AFE9 /* Home.storyboard in Resources */ = {isa = PBXBuildFile; fileRef = E707A5DC1DC83CA700B8AFE9 /* Home.storyboard */; };
		E707A5E21DC83CA700B8AFE9 /* HomeViewController.swift in Sources */ = {isa = PBXBuildFile; fileRef = E707A5DD1DC83CA700B8AFE9 /* HomeViewController.swift */; };
		E707A5E41DC83D5500B8AFE9 /* PageTitleView.swift in Sources */ = {isa = PBXBuildFile; fileRef = E707A5E31DC83D5500B8AFE9 /* PageTitleView.swift */; };
		E707A5E61DC846DF00B8AFE9 /* UIColor+Extension.swift in Sources */ = {isa = PBXBuildFile; fileRef = E707A5E51DC846DF00B8AFE9 /* UIColor+Extension.swift */; };
		E707A5EA1DC87CE500B8AFE9 /* KLConfig.swift in Sources */ = {isa = PBXBuildFile; fileRef = E707A5E91DC87CE500B8AFE9 /* KLConfig.swift */; };
		E707A5EC1DC8873100B8AFE9 /* PageContentView.swift in Sources */ = {isa = PBXBuildFile; fileRef = E707A5EB1DC8873100B8AFE9 /* PageContentView.swift */; };
		E707A65D1DC8AAB100B8AFE9 /* NetworkTool.swift in Sources */ = {isa = PBXBuildFile; fileRef = E707A65C1DC8AAB100B8AFE9 /* NetworkTool.swift */; };
		E707A66B1DC8D51D00B8AFE9 /* BaseViewController.swift in Sources */ = {isa = PBXBuildFile; fileRef = E707A6631DC8D51D00B8AFE9 /* BaseViewController.swift */; };
		E707A66C1DC8D51D00B8AFE9 /* CustomNavigationViewController.swift in Sources */ = {isa = PBXBuildFile; fileRef = E707A6641DC8D51D00B8AFE9 /* CustomNavigationViewController.swift */; };
		E707A66D1DC8D51D00B8AFE9 /* KLBaseAnchorViewController.swift in Sources */ = {isa = PBXBuildFile; fileRef = E707A6651DC8D51D00B8AFE9 /* KLBaseAnchorViewController.swift */; };
		E707A66E1DC8D51D00B8AFE9 /* Main.storyboard in Resources */ = {isa = PBXBuildFile; fileRef = E707A6661DC8D51D00B8AFE9 /* Main.storyboard */; };
		E707A66F1DC8D51E00B8AFE9 /* MainViewController.swift in Sources */ = {isa = PBXBuildFile; fileRef = E707A6671DC8D51D00B8AFE9 /* MainViewController.swift */; };
		E707A6711DC8D55D00B8AFE9 /* BaseViewModel.swift in Sources */ = {isa = PBXBuildFile; fileRef = E707A6701DC8D55D00B8AFE9 /* BaseViewModel.swift */; };
		E707A6731DC8D60600B8AFE9 /* BaseGameModel.swift in Sources */ = {isa = PBXBuildFile; fileRef = E707A6721DC8D60600B8AFE9 /* BaseGameModel.swift */; };
		E707A6751DC8D62D00B8AFE9 /* AnchorGroup.swift in Sources */ = {isa = PBXBuildFile; fileRef = E707A6741DC8D62C00B8AFE9 /* AnchorGroup.swift */; };
		E707A6771DC8D64500B8AFE9 /* AnchorModel.swift in Sources */ = {isa = PBXBuildFile; fileRef = E707A6761DC8D64500B8AFE9 /* AnchorModel.swift */; };
		E71F382A1DD091B800AA3CFA /* KLCommentViewController.swift in Sources */ = {isa = PBXBuildFile; fileRef = E71F38291DD091B800AA3CFA /* KLCommentViewController.swift */; };
		E71F382C1DD0926E00AA3CFA /* KLEditCommentView.swift in Sources */ = {isa = PBXBuildFile; fileRef = E71F382B1DD0926E00AA3CFA /* KLEditCommentView.swift */; };
		E71F382E1DD0928100AA3CFA /* KLCommentPannelView.swift in Sources */ = {isa = PBXBuildFile; fileRef = E71F382D1DD0928100AA3CFA /* KLCommentPannelView.swift */; };
		E71F38301DD0929E00AA3CFA /* KLCommentCell.swift in Sources */ = {isa = PBXBuildFile; fileRef = E71F382F1DD0929E00AA3CFA /* KLCommentCell.swift */; };
		E71F38341DD092C000AA3CFA /* KLCommentCell.xib in Resources */ = {isa = PBXBuildFile; fileRef = E71F38311DD092C000AA3CFA /* KLCommentCell.xib */; };
		E71F38351DD092C000AA3CFA /* KLCommentPannelView.xib in Resources */ = {isa = PBXBuildFile; fileRef = E71F38321DD092C000AA3CFA /* KLCommentPannelView.xib */; };
		E71F38361DD092C000AA3CFA /* KLEditCommentView.xib in Resources */ = {isa = PBXBuildFile; fileRef = E71F38331DD092C000AA3CFA /* KLEditCommentView.xib */; };
		E71F38381DD0987100AA3CFA /* KLCommentModel.swift in Sources */ = {isa = PBXBuildFile; fileRef = E71F38371DD0987100AA3CFA /* KLCommentModel.swift */; };
		E71F383A1DD0B4CE00AA3CFA /* KLReplyCommentModel.swift in Sources */ = {isa = PBXBuildFile; fileRef = E71F38391DD0B4CE00AA3CFA /* KLReplyCommentModel.swift */; };
		E71F383C1DD1649F00AA3CFA /* KLCommentViewModel.swift in Sources */ = {isa = PBXBuildFile; fileRef = E71F383B1DD1649F00AA3CFA /* KLCommentViewModel.swift */; };
		E72C3D151DAB939F00CD7BD3 /* AppDelegate.swift in Sources */ = {isa = PBXBuildFile; fileRef = E72C3D141DAB939F00CD7BD3 /* AppDelegate.swift */; };
		E72C3D1C1DAB939F00CD7BD3 /* Assets.xcassets in Resources */ = {isa = PBXBuildFile; fileRef = E72C3D1B1DAB939F00CD7BD3 /* Assets.xcassets */; };
		E72C3D1F1DAB939F00CD7BD3 /* LaunchScreen.storyboard in Resources */ = {isa = PBXBuildFile; fileRef = E72C3D1D1DAB939F00CD7BD3 /* LaunchScreen.storyboard */; };
		E72C3D2A1DAB939F00CD7BD3 /* KLSwiftTests.swift in Sources */ = {isa = PBXBuildFile; fileRef = E72C3D291DAB939F00CD7BD3 /* KLSwiftTests.swift */; };
		E72C3D351DAB939F00CD7BD3 /* KLSwiftUITests.swift in Sources */ = {isa = PBXBuildFile; fileRef = E72C3D341DAB939F00CD7BD3 /* KLSwiftUITests.swift */; };
		E741290C1DC9EDD7007AF8D2 /* Date+Extension.swift in Sources */ = {isa = PBXBuildFile; fileRef = E741290B1DC9EDD7007AF8D2 /* Date+Extension.swift */; };
		E7487A2F1DC9872E002F579D /* KLCollectionBaseCell.swift in Sources */ = {isa = PBXBuildFile; fileRef = E7487A2D1DC9872E002F579D /* KLCollectionBaseCell.swift */; };
		E7487A3B1DC98821002F579D /* CollectionHeaderView.swift in Sources */ = {isa = PBXBuildFile; fileRef = E7487A391DC98821002F579D /* CollectionHeaderView.swift */; };
		E7487A3C1DC98821002F579D /* CollectionHeaderView.xib in Resources */ = {isa = PBXBuildFile; fileRef = E7487A3A1DC98821002F579D /* CollectionHeaderView.xib */; };
		E7487A431DC990C5002F579D /* KLCollectionViewNormalCell.swift in Sources */ = {isa = PBXBuildFile; fileRef = E7487A411DC990C5002F579D /* KLCollectionViewNormalCell.swift */; };
		E7487A441DC990C5002F579D /* KLCollectionViewNormalCell.xib in Resources */ = {isa = PBXBuildFile; fileRef = E7487A421DC990C5002F579D /* KLCollectionViewNormalCell.xib */; };
		E7487A471DC990DC002F579D /* KLCollectionViewPrettyCell.swift in Sources */ = {isa = PBXBuildFile; fileRef = E7487A451DC990DC002F579D /* KLCollectionViewPrettyCell.swift */; };
		E7487A481DC990DC002F579D /* KLCollectionViewPrettyCell.xib in Resources */ = {isa = PBXBuildFile; fileRef = E7487A461DC990DC002F579D /* KLCollectionViewPrettyCell.xib */; };
		E7487A4A1DC9BD71002F579D /* RecommendViewController.swift in Sources */ = {isa = PBXBuildFile; fileRef = E7487A491DC9BD71002F579D /* RecommendViewController.swift */; };
		E7487A4C1DC9BDEB002F579D /* RecommendViewModel.swift in Sources */ = {isa = PBXBuildFile; fileRef = E7487A4B1DC9BDEB002F579D /* RecommendViewModel.swift */; };
		E7487A4E1DC9BF04002F579D /* RecommendCycleView.swift in Sources */ = {isa = PBXBuildFile; fileRef = E7487A4D1DC9BF04002F579D /* RecommendCycleView.swift */; };
		E7487A501DC9BF1A002F579D /* RecommendCycleView.xib in Resources */ = {isa = PBXBuildFile; fileRef = E7487A4F1DC9BF1A002F579D /* RecommendCycleView.xib */; };
		E7487A531DC9BF8D002F579D /* CollectionViewCycleCell.swift in Sources */ = {isa = PBXBuildFile; fileRef = E7487A511DC9BF8D002F579D /* CollectionViewCycleCell.swift */; };
		E7487A541DC9BF8D002F579D /* CollectionViewCycleCell.xib in Resources */ = {isa = PBXBuildFile; fileRef = E7487A521DC9BF8D002F579D /* CollectionViewCycleCell.xib */; };
		E7487A561DC9BFAF002F579D /* RecommendGameView.swift in Sources */ = {isa = PBXBuildFile; fileRef = E7487A551DC9BFAF002F579D /* RecommendGameView.swift */; };
		E7487A581DC9BFC0002F579D /* RecommendGameView.xib in Resources */ = {isa = PBXBuildFile; fileRef = E7487A571DC9BFC0002F579D /* RecommendGameView.xib */; };
		E7487A5B1DC9BFD7002F579D /* CollectionViewGameCell.swift in Sources */ = {isa = PBXBuildFile; fileRef = E7487A591DC9BFD7002F579D /* CollectionViewGameCell.swift */; };
		E7487A5C1DC9BFD7002F579D /* CollectionViewGameCell.xib in Resources */ = {isa = PBXBuildFile; fileRef = E7487A5A1DC9BFD7002F579D /* CollectionViewGameCell.xib */; };
		E7487A5E1DC9C046002F579D /* GameViewController.swift in Sources */ = {isa = PBXBuildFile; fileRef = E7487A5D1DC9C046002F579D /* GameViewController.swift */; };
		E7487A601DC9C081002F579D /* GameViewModel.swift in Sources */ = {isa = PBXBuildFile; fileRef = E7487A5F1DC9C081002F579D /* GameViewModel.swift */; };
		E7487A621DC9C0AA002F579D /* CycleModel.swift in Sources */ = {isa = PBXBuildFile; fileRef = E7487A611DC9C0AA002F579D /* CycleModel.swift */; };
		E7487A641DC9C0E2002F579D /* GameModel.swift in Sources */ = {isa = PBXBuildFile; fileRef = E7487A631DC9C0E2002F579D /* GameModel.swift */; };
		E7AE94621DD1CC4C008974AD /* KLCommentView.swift in Sources */ = {isa = PBXBuildFile; fileRef = E7AE94611DD1CC4C008974AD /* KLCommentView.swift */; };
/* End PBXBuildFile section */

/* Begin PBXContainerItemProxy section */
		E72C3D261DAB939F00CD7BD3 /* PBXContainerItemProxy */ = {
			isa = PBXContainerItemProxy;
			containerPortal = E72C3D091DAB939F00CD7BD3 /* Project object */;
			proxyType = 1;
			remoteGlobalIDString = E72C3D101DAB939F00CD7BD3;
			remoteInfo = KLSwift;
		};
		E72C3D311DAB939F00CD7BD3 /* PBXContainerItemProxy */ = {
			isa = PBXContainerItemProxy;
			containerPortal = E72C3D091DAB939F00CD7BD3 /* Project object */;
			proxyType = 1;
			remoteGlobalIDString = E72C3D101DAB939F00CD7BD3;
			remoteInfo = KLSwift;
		};
/* End PBXContainerItemProxy section */

/* Begin PBXFileReference section */
		1791569171D00691B3FC608C /* Pods-KLSwift.debug.xcconfig */ = {isa = PBXFileReference; includeInIndex = 1; lastKnownFileType = text.xcconfig; name = "Pods-KLSwift.debug.xcconfig"; path = "Pods/Target Support Files/Pods-KLSwift/Pods-KLSwift.debug.xcconfig"; sourceTree = "<group>"; };
		355E085F808E5EE0625D4228 /* Pods-KLSwift.release.xcconfig */ = {isa = PBXFileReference; includeInIndex = 1; lastKnownFileType = text.xcconfig; name = "Pods-KLSwift.release.xcconfig"; path = "Pods/Target Support Files/Pods-KLSwift/Pods-KLSwift.release.xcconfig"; sourceTree = "<group>"; };
		47098547A4FF6352F9401FE0 /* Pods_KLSwift.framework */ = {isa = PBXFileReference; explicitFileType = wrapper.framework; includeInIndex = 0; path = Pods_KLSwift.framework; sourceTree = BUILT_PRODUCTS_DIR; };
		E707A5D91DC832F300B8AFE9 /* UIBarButtonItem+Extension.swift */ = {isa = PBXFileReference; fileEncoding = 4; lastKnownFileType = sourcecode.swift; path = "UIBarButtonItem+Extension.swift"; sourceTree = "<group>"; };
		E707A5DC1DC83CA700B8AFE9 /* Home.storyboard */ = {isa = PBXFileReference; fileEncoding = 4; lastKnownFileType = file.storyboard; path = Home.storyboard; sourceTree = "<group>"; };
		E707A5DD1DC83CA700B8AFE9 /* HomeViewController.swift */ = {isa = PBXFileReference; fileEncoding = 4; lastKnownFileType = sourcecode.swift; path = HomeViewController.swift; sourceTree = "<group>"; };
		E707A5E31DC83D5500B8AFE9 /* PageTitleView.swift */ = {isa = PBXFileReference; fileEncoding = 4; lastKnownFileType = sourcecode.swift; path = PageTitleView.swift; sourceTree = "<group>"; };
		E707A5E51DC846DF00B8AFE9 /* UIColor+Extension.swift */ = {isa = PBXFileReference; fileEncoding = 4; lastKnownFileType = sourcecode.swift; path = "UIColor+Extension.swift"; sourceTree = "<group>"; };
		E707A5E91DC87CE500B8AFE9 /* KLConfig.swift */ = {isa = PBXFileReference; fileEncoding = 4; lastKnownFileType = sourcecode.swift; path = KLConfig.swift; sourceTree = "<group>"; };
		E707A5EB1DC8873100B8AFE9 /* PageContentView.swift */ = {isa = PBXFileReference; fileEncoding = 4; lastKnownFileType = sourcecode.swift; path = PageContentView.swift; sourceTree = "<group>"; };
		E707A65C1DC8AAB100B8AFE9 /* NetworkTool.swift */ = {isa = PBXFileReference; fileEncoding = 4; lastKnownFileType = sourcecode.swift; path = NetworkTool.swift; sourceTree = "<group>"; };
		E707A6631DC8D51D00B8AFE9 /* BaseViewController.swift */ = {isa = PBXFileReference; fileEncoding = 4; lastKnownFileType = sourcecode.swift; path = BaseViewController.swift; sourceTree = "<group>"; };
		E707A6641DC8D51D00B8AFE9 /* CustomNavigationViewController.swift */ = {isa = PBXFileReference; fileEncoding = 4; lastKnownFileType = sourcecode.swift; path = CustomNavigationViewController.swift; sourceTree = "<group>"; };
		E707A6651DC8D51D00B8AFE9 /* KLBaseAnchorViewController.swift */ = {isa = PBXFileReference; fileEncoding = 4; lastKnownFileType = sourcecode.swift; path = KLBaseAnchorViewController.swift; sourceTree = "<group>"; };
		E707A6661DC8D51D00B8AFE9 /* Main.storyboard */ = {isa = PBXFileReference; fileEncoding = 4; lastKnownFileType = file.storyboard; path = Main.storyboard; sourceTree = "<group>"; };
		E707A6671DC8D51D00B8AFE9 /* MainViewController.swift */ = {isa = PBXFileReference; fileEncoding = 4; lastKnownFileType = sourcecode.swift; path = MainViewController.swift; sourceTree = "<group>"; };
		E707A6701DC8D55D00B8AFE9 /* BaseViewModel.swift */ = {isa = PBXFileReference; fileEncoding = 4; lastKnownFileType = sourcecode.swift; path = BaseViewModel.swift; sourceTree = "<group>"; };
		E707A6721DC8D60600B8AFE9 /* BaseGameModel.swift */ = {isa = PBXFileReference; fileEncoding = 4; lastKnownFileType = sourcecode.swift; path = BaseGameModel.swift; sourceTree = "<group>"; };
		E707A6741DC8D62C00B8AFE9 /* AnchorGroup.swift */ = {isa = PBXFileReference; fileEncoding = 4; lastKnownFileType = sourcecode.swift; path = AnchorGroup.swift; sourceTree = "<group>"; };
		E707A6761DC8D64500B8AFE9 /* AnchorModel.swift */ = {isa = PBXFileReference; fileEncoding = 4; lastKnownFileType = sourcecode.swift; path = AnchorModel.swift; sourceTree = "<group>"; };
		E71F38291DD091B800AA3CFA /* KLCommentViewController.swift */ = {isa = PBXFileReference; fileEncoding = 4; lastKnownFileType = sourcecode.swift; path = KLCommentViewController.swift; sourceTree = "<group>"; };
		E71F382B1DD0926E00AA3CFA /* KLEditCommentView.swift */ = {isa = PBXFileReference; fileEncoding = 4; lastKnownFileType = sourcecode.swift; path = KLEditCommentView.swift; sourceTree = "<group>"; };
		E71F382D1DD0928100AA3CFA /* KLCommentPannelView.swift */ = {isa = PBXFileReference; fileEncoding = 4; lastKnownFileType = sourcecode.swift; path = KLCommentPannelView.swift; sourceTree = "<group>"; };
		E71F382F1DD0929E00AA3CFA /* KLCommentCell.swift */ = {isa = PBXFileReference; fileEncoding = 4; lastKnownFileType = sourcecode.swift; path = KLCommentCell.swift; sourceTree = "<group>"; };
		E71F38311DD092C000AA3CFA /* KLCommentCell.xib */ = {isa = PBXFileReference; fileEncoding = 4; lastKnownFileType = file.xib; path = KLCommentCell.xib; sourceTree = "<group>"; };
		E71F38321DD092C000AA3CFA /* KLCommentPannelView.xib */ = {isa = PBXFileReference; fileEncoding = 4; lastKnownFileType = file.xib; path = KLCommentPannelView.xib; sourceTree = "<group>"; };
		E71F38331DD092C000AA3CFA /* KLEditCommentView.xib */ = {isa = PBXFileReference; fileEncoding = 4; lastKnownFileType = file.xib; path = KLEditCommentView.xib; sourceTree = "<group>"; };
		E71F38371DD0987100AA3CFA /* KLCommentModel.swift */ = {isa = PBXFileReference; fileEncoding = 4; lastKnownFileType = sourcecode.swift; path = KLCommentModel.swift; sourceTree = "<group>"; };
		E71F38391DD0B4CE00AA3CFA /* KLReplyCommentModel.swift */ = {isa = PBXFileReference; fileEncoding = 4; lastKnownFileType = sourcecode.swift; path = KLReplyCommentModel.swift; sourceTree = "<group>"; };
		E71F383B1DD1649F00AA3CFA /* KLCommentViewModel.swift */ = {isa = PBXFileReference; fileEncoding = 4; lastKnownFileType = sourcecode.swift; path = KLCommentViewModel.swift; sourceTree = "<group>"; };
		E72C3D111DAB939F00CD7BD3 /* KLSwift.app */ = {isa = PBXFileReference; explicitFileType = wrapper.application; includeInIndex = 0; path = KLSwift.app; sourceTree = BUILT_PRODUCTS_DIR; };
		E72C3D141DAB939F00CD7BD3 /* AppDelegate.swift */ = {isa = PBXFileReference; lastKnownFileType = sourcecode.swift; path = AppDelegate.swift; sourceTree = "<group>"; };
		E72C3D1B1DAB939F00CD7BD3 /* Assets.xcassets */ = {isa = PBXFileReference; lastKnownFileType = folder.assetcatalog; path = Assets.xcassets; sourceTree = "<group>"; };
		E72C3D1E1DAB939F00CD7BD3 /* Base */ = {isa = PBXFileReference; lastKnownFileType = file.storyboard; name = Base; path = Base.lproj/LaunchScreen.storyboard; sourceTree = "<group>"; };
		E72C3D201DAB939F00CD7BD3 /* Info.plist */ = {isa = PBXFileReference; lastKnownFileType = text.plist.xml; path = Info.plist; sourceTree = "<group>"; };
		E72C3D251DAB939F00CD7BD3 /* KLSwiftTests.xctest */ = {isa = PBXFileReference; explicitFileType = wrapper.cfbundle; includeInIndex = 0; path = KLSwiftTests.xctest; sourceTree = BUILT_PRODUCTS_DIR; };
		E72C3D291DAB939F00CD7BD3 /* KLSwiftTests.swift */ = {isa = PBXFileReference; lastKnownFileType = sourcecode.swift; path = KLSwiftTests.swift; sourceTree = "<group>"; };
		E72C3D2B1DAB939F00CD7BD3 /* Info.plist */ = {isa = PBXFileReference; lastKnownFileType = text.plist.xml; path = Info.plist; sourceTree = "<group>"; };
		E72C3D301DAB939F00CD7BD3 /* KLSwiftUITests.xctest */ = {isa = PBXFileReference; explicitFileType = wrapper.cfbundle; includeInIndex = 0; path = KLSwiftUITests.xctest; sourceTree = BUILT_PRODUCTS_DIR; };
		E72C3D341DAB939F00CD7BD3 /* KLSwiftUITests.swift */ = {isa = PBXFileReference; lastKnownFileType = sourcecode.swift; path = KLSwiftUITests.swift; sourceTree = "<group>"; };
		E72C3D361DAB939F00CD7BD3 /* Info.plist */ = {isa = PBXFileReference; lastKnownFileType = text.plist.xml; path = Info.plist; sourceTree = "<group>"; };
		E741290B1DC9EDD7007AF8D2 /* Date+Extension.swift */ = {isa = PBXFileReference; fileEncoding = 4; lastKnownFileType = sourcecode.swift; path = "Date+Extension.swift"; sourceTree = "<group>"; };
		E7487A2D1DC9872E002F579D /* KLCollectionBaseCell.swift */ = {isa = PBXFileReference; fileEncoding = 4; lastKnownFileType = sourcecode.swift; path = KLCollectionBaseCell.swift; sourceTree = "<group>"; };
		E7487A391DC98821002F579D /* CollectionHeaderView.swift */ = {isa = PBXFileReference; fileEncoding = 4; lastKnownFileType = sourcecode.swift; path = CollectionHeaderView.swift; sourceTree = "<group>"; };
		E7487A3A1DC98821002F579D /* CollectionHeaderView.xib */ = {isa = PBXFileReference; fileEncoding = 4; lastKnownFileType = file.xib; path = CollectionHeaderView.xib; sourceTree = "<group>"; };
		E7487A411DC990C5002F579D /* KLCollectionViewNormalCell.swift */ = {isa = PBXFileReference; fileEncoding = 4; lastKnownFileType = sourcecode.swift; path = KLCollectionViewNormalCell.swift; sourceTree = "<group>"; };
		E7487A421DC990C5002F579D /* KLCollectionViewNormalCell.xib */ = {isa = PBXFileReference; fileEncoding = 4; lastKnownFileType = file.xib; path = KLCollectionViewNormalCell.xib; sourceTree = "<group>"; };
		E7487A451DC990DC002F579D /* KLCollectionViewPrettyCell.swift */ = {isa = PBXFileReference; fileEncoding = 4; lastKnownFileType = sourcecode.swift; path = KLCollectionViewPrettyCell.swift; sourceTree = "<group>"; };
		E7487A461DC990DC002F579D /* KLCollectionViewPrettyCell.xib */ = {isa = PBXFileReference; fileEncoding = 4; lastKnownFileType = file.xib; path = KLCollectionViewPrettyCell.xib; sourceTree = "<group>"; };
		E7487A491DC9BD71002F579D /* RecommendViewController.swift */ = {isa = PBXFileReference; fileEncoding = 4; lastKnownFileType = sourcecode.swift; path = RecommendViewController.swift; sourceTree = "<group>"; };
		E7487A4B1DC9BDEB002F579D /* RecommendViewModel.swift */ = {isa = PBXFileReference; fileEncoding = 4; lastKnownFileType = sourcecode.swift; path = RecommendViewModel.swift; sourceTree = "<group>"; };
		E7487A4D1DC9BF04002F579D /* RecommendCycleView.swift */ = {isa = PBXFileReference; fileEncoding = 4; lastKnownFileType = sourcecode.swift; path = RecommendCycleView.swift; sourceTree = "<group>"; };
		E7487A4F1DC9BF1A002F579D /* RecommendCycleView.xib */ = {isa = PBXFileReference; fileEncoding = 4; lastKnownFileType = file.xib; path = RecommendCycleView.xib; sourceTree = "<group>"; };
		E7487A511DC9BF8D002F579D /* CollectionViewCycleCell.swift */ = {isa = PBXFileReference; fileEncoding = 4; lastKnownFileType = sourcecode.swift; path = CollectionViewCycleCell.swift; sourceTree = "<group>"; };
		E7487A521DC9BF8D002F579D /* CollectionViewCycleCell.xib */ = {isa = PBXFileReference; fileEncoding = 4; lastKnownFileType = file.xib; path = CollectionViewCycleCell.xib; sourceTree = "<group>"; };
		E7487A551DC9BFAF002F579D /* RecommendGameView.swift */ = {isa = PBXFileReference; fileEncoding = 4; lastKnownFileType = sourcecode.swift; path = RecommendGameView.swift; sourceTree = "<group>"; };
		E7487A571DC9BFC0002F579D /* RecommendGameView.xib */ = {isa = PBXFileReference; fileEncoding = 4; lastKnownFileType = file.xib; path = RecommendGameView.xib; sourceTree = "<group>"; };
		E7487A591DC9BFD7002F579D /* CollectionViewGameCell.swift */ = {isa = PBXFileReference; fileEncoding = 4; lastKnownFileType = sourcecode.swift; path = CollectionViewGameCell.swift; sourceTree = "<group>"; };
		E7487A5A1DC9BFD7002F579D /* CollectionViewGameCell.xib */ = {isa = PBXFileReference; fileEncoding = 4; lastKnownFileType = file.xib; path = CollectionViewGameCell.xib; sourceTree = "<group>"; };
		E7487A5D1DC9C046002F579D /* GameViewController.swift */ = {isa = PBXFileReference; fileEncoding = 4; lastKnownFileType = sourcecode.swift; path = GameViewController.swift; sourceTree = "<group>"; };
		E7487A5F1DC9C081002F579D /* GameViewModel.swift */ = {isa = PBXFileReference; fileEncoding = 4; lastKnownFileType = sourcecode.swift; path = GameViewModel.swift; sourceTree = "<group>"; };
		E7487A611DC9C0AA002F579D /* CycleModel.swift */ = {isa = PBXFileReference; fileEncoding = 4; lastKnownFileType = sourcecode.swift; path = CycleModel.swift; sourceTree = "<group>"; };
		E7487A631DC9C0E2002F579D /* GameModel.swift */ = {isa = PBXFileReference; fileEncoding = 4; lastKnownFileType = sourcecode.swift; path = GameModel.swift; sourceTree = "<group>"; };
		E7AE94611DD1CC4C008974AD /* KLCommentView.swift */ = {isa = PBXFileReference; fileEncoding = 4; lastKnownFileType = sourcecode.swift; path = KLCommentView.swift; sourceTree = "<group>"; };
/* End PBXFileReference section */

/* Begin PBXFrameworksBuildPhase section */
		E72C3D0E1DAB939F00CD7BD3 /* Frameworks */ = {
			isa = PBXFrameworksBuildPhase;
			buildActionMask = 2147483647;
			files = (
				CF9398CE30B03C76CD299858 /* Pods_KLSwift.framework in Frameworks */,
			);
			runOnlyForDeploymentPostprocessing = 0;
		};
		E72C3D221DAB939F00CD7BD3 /* Frameworks */ = {
			isa = PBXFrameworksBuildPhase;
			buildActionMask = 2147483647;
			files = (
			);
			runOnlyForDeploymentPostprocessing = 0;
		};
		E72C3D2D1DAB939F00CD7BD3 /* Frameworks */ = {
			isa = PBXFrameworksBuildPhase;
			buildActionMask = 2147483647;
			files = (
			);
			runOnlyForDeploymentPostprocessing = 0;
		};
/* End PBXFrameworksBuildPhase section */

/* Begin PBXGroup section */
		77F473E97A2281CAE8A9FB67 /* Pods */ = {
			isa = PBXGroup;
			children = (
				1791569171D00691B3FC608C /* Pods-KLSwift.debug.xcconfig */,
				355E085F808E5EE0625D4228 /* Pods-KLSwift.release.xcconfig */,
			);
			name = Pods;
			sourceTree = "<group>";
		};
		91F56E89FFA1D53B2C7DE3DD /* Frameworks */ = {
			isa = PBXGroup;
			children = (
				47098547A4FF6352F9401FE0 /* Pods_KLSwift.framework */,
			);
			name = Frameworks;
			sourceTree = "<group>";
		};
		E707A5C41DC82F8E00B8AFE9 /* Home */ = {
			isa = PBXGroup;
			children = (
				E707A5DB1DC83CA700B8AFE9 /* Controller */,
				E707A5DE1DC83CA700B8AFE9 /* Model */,
				E707A5DF1DC83CA700B8AFE9 /* View */,
				E707A5E01DC83CA700B8AFE9 /* ViewModel */,
			);
			path = Home;
			sourceTree = "<group>";
		};
		E707A5C71DC82F8E00B8AFE9 /* Main */ = {
			isa = PBXGroup;
			children = (
				E707A6621DC8D51D00B8AFE9 /* Controller */,
				E707A6681DC8D51D00B8AFE9 /* Model */,
				E707A6691DC8D51D00B8AFE9 /* View */,
				E707A66A1DC8D51D00B8AFE9 /* ViewModel */,
				E707A5E91DC87CE500B8AFE9 /* KLConfig.swift */,
			);
			path = Main;
			sourceTree = "<group>";
		};
		E707A5D01DC8316700B8AFE9 /* Tools */ = {
			isa = PBXGroup;
			children = (
				E707A5D11DC8316700B8AFE9 /* Extension */,
				E707A65C1DC8AAB100B8AFE9 /* NetworkTool.swift */,
			);
			path = Tools;
			sourceTree = "<group>";
		};
		E707A5D11DC8316700B8AFE9 /* Extension */ = {
			isa = PBXGroup;
			children = (
				E707A5D91DC832F300B8AFE9 /* UIBarButtonItem+Extension.swift */,
				E707A5E51DC846DF00B8AFE9 /* UIColor+Extension.swift */,
				E741290B1DC9EDD7007AF8D2 /* Date+Extension.swift */,
			);
			path = Extension;
			sourceTree = "<group>";
		};
		E707A5DB1DC83CA700B8AFE9 /* Controller */ = {
			isa = PBXGroup;
			children = (
				E707A5DC1DC83CA700B8AFE9 /* Home.storyboard */,
				E707A5DD1DC83CA700B8AFE9 /* HomeViewController.swift */,
				E7487A491DC9BD71002F579D /* RecommendViewController.swift */,
				E7487A5D1DC9C046002F579D /* GameViewController.swift */,
				E71F38291DD091B800AA3CFA /* KLCommentViewController.swift */,
			);
			path = Controller;
			sourceTree = "<group>";
		};
		E707A5DE1DC83CA700B8AFE9 /* Model */ = {
			isa = PBXGroup;
			children = (
				E7487A611DC9C0AA002F579D /* CycleModel.swift */,
				E7487A631DC9C0E2002F579D /* GameModel.swift */,
				E71F38371DD0987100AA3CFA /* KLCommentModel.swift */,
				E71F38391DD0B4CE00AA3CFA /* KLReplyCommentModel.swift */,
			);
			path = Model;
			sourceTree = "<group>";
		};
		E707A5DF1DC83CA700B8AFE9 /* View */ = {
			isa = PBXGroup;
			children = (
				E707A5E31DC83D5500B8AFE9 /* PageTitleView.swift */,
				E707A5EB1DC8873100B8AFE9 /* PageContentView.swift */,
				E7487A391DC98821002F579D /* CollectionHeaderView.swift */,
				E7487A3A1DC98821002F579D /* CollectionHeaderView.xib */,
				E7487A411DC990C5002F579D /* KLCollectionViewNormalCell.swift */,
				E7487A421DC990C5002F579D /* KLCollectionViewNormalCell.xib */,
				E7487A451DC990DC002F579D /* KLCollectionViewPrettyCell.swift */,
				E7487A461DC990DC002F579D /* KLCollectionViewPrettyCell.xib */,
				E7487A4D1DC9BF04002F579D /* RecommendCycleView.swift */,
				E7487A4F1DC9BF1A002F579D /* RecommendCycleView.xib */,
				E7487A511DC9BF8D002F579D /* CollectionViewCycleCell.swift */,
				E7487A521DC9BF8D002F579D /* CollectionViewCycleCell.xib */,
				E7487A551DC9BFAF002F579D /* RecommendGameView.swift */,
				E7487A571DC9BFC0002F579D /* RecommendGameView.xib */,
				E7487A591DC9BFD7002F579D /* CollectionViewGameCell.swift */,
				E7487A5A1DC9BFD7002F579D /* CollectionViewGameCell.xib */,
				E71F382B1DD0926E00AA3CFA /* KLEditCommentView.swift */,
				E71F382D1DD0928100AA3CFA /* KLCommentPannelView.swift */,
				E71F382F1DD0929E00AA3CFA /* KLCommentCell.swift */,
				E71F38311DD092C000AA3CFA /* KLCommentCell.xib */,
				E71F38321DD092C000AA3CFA /* KLCommentPannelView.xib */,
				E71F38331DD092C000AA3CFA /* KLEditCommentView.xib */,
				E7AE94611DD1CC4C008974AD /* KLCommentView.swift */,
			);
			path = View;
			sourceTree = "<group>";
		};
		E707A5E01DC83CA700B8AFE9 /* ViewModel */ = {
			isa = PBXGroup;
			children = (
				E7487A4B1DC9BDEB002F579D /* RecommendViewModel.swift */,
				E7487A5F1DC9C081002F579D /* GameViewModel.swift */,
				E71F383B1DD1649F00AA3CFA /* KLCommentViewModel.swift */,
			);
			path = ViewModel;
			sourceTree = "<group>";
		};
		E707A6621DC8D51D00B8AFE9 /* Controller */ = {
			isa = PBXGroup;
			children = (
				E707A6631DC8D51D00B8AFE9 /* BaseViewController.swift */,
				E707A6641DC8D51D00B8AFE9 /* CustomNavigationViewController.swift */,
				E707A6651DC8D51D00B8AFE9 /* KLBaseAnchorViewController.swift */,
				E707A6661DC8D51D00B8AFE9 /* Main.storyboard */,
				E707A6671DC8D51D00B8AFE9 /* MainViewController.swift */,
			);
			path = Controller;
			sourceTree = "<group>";
		};
		E707A6681DC8D51D00B8AFE9 /* Model */ = {
			isa = PBXGroup;
			children = (
				E707A6721DC8D60600B8AFE9 /* BaseGameModel.swift */,
				E707A6741DC8D62C00B8AFE9 /* AnchorGroup.swift */,
				E707A6761DC8D64500B8AFE9 /* AnchorModel.swift */,
			);
			path = Model;
			sourceTree = "<group>";
		};
		E707A6691DC8D51D00B8AFE9 /* View */ = {
			isa = PBXGroup;
			children = (
				E7487A2D1DC9872E002F579D /* KLCollectionBaseCell.swift */,
			);
			path = View;
			sourceTree = "<group>";
		};
		E707A66A1DC8D51D00B8AFE9 /* ViewModel */ = {
			isa = PBXGroup;
			children = (
				E707A6701DC8D55D00B8AFE9 /* BaseViewModel.swift */,
			);
			path = ViewModel;
			sourceTree = "<group>";
		};
		E72C3D081DAB939F00CD7BD3 = {
			isa = PBXGroup;
			children = (
				E72C3D131DAB939F00CD7BD3 /* KLSwift */,
				E72C3D281DAB939F00CD7BD3 /* KLSwiftTests */,
				E72C3D331DAB939F00CD7BD3 /* KLSwiftUITests */,
				E72C3D121DAB939F00CD7BD3 /* Products */,
				77F473E97A2281CAE8A9FB67 /* Pods */,
				91F56E89FFA1D53B2C7DE3DD /* Frameworks */,
			);
			sourceTree = "<group>";
		};
		E72C3D121DAB939F00CD7BD3 /* Products */ = {
			isa = PBXGroup;
			children = (
				E72C3D111DAB939F00CD7BD3 /* KLSwift.app */,
				E72C3D251DAB939F00CD7BD3 /* KLSwiftTests.xctest */,
				E72C3D301DAB939F00CD7BD3 /* KLSwiftUITests.xctest */,
			);
			name = Products;
			sourceTree = "<group>";
		};
		E72C3D131DAB939F00CD7BD3 /* KLSwift */ = {
			isa = PBXGroup;
			children = (
				E707A5D01DC8316700B8AFE9 /* Tools */,
				E707A5C41DC82F8E00B8AFE9 /* Home */,
				E707A5C71DC82F8E00B8AFE9 /* Main */,
				E72C3D141DAB939F00CD7BD3 /* AppDelegate.swift */,
				E72C3D1B1DAB939F00CD7BD3 /* Assets.xcassets */,
				E72C3D1D1DAB939F00CD7BD3 /* LaunchScreen.storyboard */,
				E72C3D201DAB939F00CD7BD3 /* Info.plist */,
			);
			path = KLSwift;
			sourceTree = "<group>";
		};
		E72C3D281DAB939F00CD7BD3 /* KLSwiftTests */ = {
			isa = PBXGroup;
			children = (
				E72C3D291DAB939F00CD7BD3 /* KLSwiftTests.swift */,
				E72C3D2B1DAB939F00CD7BD3 /* Info.plist */,
			);
			path = KLSwiftTests;
			sourceTree = "<group>";
		};
		E72C3D331DAB939F00CD7BD3 /* KLSwiftUITests */ = {
			isa = PBXGroup;
			children = (
				E72C3D341DAB939F00CD7BD3 /* KLSwiftUITests.swift */,
				E72C3D361DAB939F00CD7BD3 /* Info.plist */,
			);
			path = KLSwiftUITests;
			sourceTree = "<group>";
		};
/* End PBXGroup section */

/* Begin PBXNativeTarget section */
		E72C3D101DAB939F00CD7BD3 /* KLSwift */ = {
			isa = PBXNativeTarget;
			buildConfigurationList = E72C3D391DAB939F00CD7BD3 /* Build configuration list for PBXNativeTarget "KLSwift" */;
			buildPhases = (
				8F7C7D6BED693451E8CEFC91 /* [CP] Check Pods Manifest.lock */,
				E72C3D0D1DAB939F00CD7BD3 /* Sources */,
				E72C3D0E1DAB939F00CD7BD3 /* Frameworks */,
				E72C3D0F1DAB939F00CD7BD3 /* Resources */,
				5EC9C38CE9F5D613255C73E8 /* [CP] Embed Pods Frameworks */,
				063CCFEAA7C66CE717CD1022 /* [CP] Copy Pods Resources */,
			);
			buildRules = (
			);
			dependencies = (
			);
			name = KLSwift;
			productName = KLSwift;
			productReference = E72C3D111DAB939F00CD7BD3 /* KLSwift.app */;
			productType = "com.apple.product-type.application";
		};
		E72C3D241DAB939F00CD7BD3 /* KLSwiftTests */ = {
			isa = PBXNativeTarget;
			buildConfigurationList = E72C3D3C1DAB939F00CD7BD3 /* Build configuration list for PBXNativeTarget "KLSwiftTests" */;
			buildPhases = (
				E72C3D211DAB939F00CD7BD3 /* Sources */,
				E72C3D221DAB939F00CD7BD3 /* Frameworks */,
				E72C3D231DAB939F00CD7BD3 /* Resources */,
			);
			buildRules = (
			);
			dependencies = (
				E72C3D271DAB939F00CD7BD3 /* PBXTargetDependency */,
			);
			name = KLSwiftTests;
			productName = KLSwiftTests;
			productReference = E72C3D251DAB939F00CD7BD3 /* KLSwiftTests.xctest */;
			productType = "com.apple.product-type.bundle.unit-test";
		};
		E72C3D2F1DAB939F00CD7BD3 /* KLSwiftUITests */ = {
			isa = PBXNativeTarget;
			buildConfigurationList = E72C3D3F1DAB939F00CD7BD3 /* Build configuration list for PBXNativeTarget "KLSwiftUITests" */;
			buildPhases = (
				E72C3D2C1DAB939F00CD7BD3 /* Sources */,
				E72C3D2D1DAB939F00CD7BD3 /* Frameworks */,
				E72C3D2E1DAB939F00CD7BD3 /* Resources */,
			);
			buildRules = (
			);
			dependencies = (
				E72C3D321DAB939F00CD7BD3 /* PBXTargetDependency */,
			);
			name = KLSwiftUITests;
			productName = KLSwiftUITests;
			productReference = E72C3D301DAB939F00CD7BD3 /* KLSwiftUITests.xctest */;
			productType = "com.apple.product-type.bundle.ui-testing";
		};
/* End PBXNativeTarget section */

/* Begin PBXProject section */
		E72C3D091DAB939F00CD7BD3 /* Project object */ = {
			isa = PBXProject;
			attributes = {
				LastSwiftUpdateCheck = 0800;
				LastUpgradeCheck = 0800;
				ORGANIZATIONNAME = "kai lee";
				TargetAttributes = {
					E72C3D101DAB939F00CD7BD3 = {
						CreatedOnToolsVersion = 8.0;
						DevelopmentTeam = XZYC99L9ML;
						LastSwiftMigration = 0800;
						ProvisioningStyle = Manual;
					};
					E72C3D241DAB939F00CD7BD3 = {
						CreatedOnToolsVersion = 8.0;
						LastSwiftMigration = 0800;
						ProvisioningStyle = Automatic;
						TestTargetID = E72C3D101DAB939F00CD7BD3;
					};
					E72C3D2F1DAB939F00CD7BD3 = {
						CreatedOnToolsVersion = 8.0;
						LastSwiftMigration = 0800;
						ProvisioningStyle = Automatic;
						TestTargetID = E72C3D101DAB939F00CD7BD3;
					};
				};
			};
			buildConfigurationList = E72C3D0C1DAB939F00CD7BD3 /* Build configuration list for PBXProject "KLSwift" */;
			compatibilityVersion = "Xcode 3.2";
			developmentRegion = English;
			hasScannedForEncodings = 0;
			knownRegions = (
				en,
				Base,
			);
			mainGroup = E72C3D081DAB939F00CD7BD3;
			productRefGroup = E72C3D121DAB939F00CD7BD3 /* Products */;
			projectDirPath = "";
			projectRoot = "";
			targets = (
				E72C3D101DAB939F00CD7BD3 /* KLSwift */,
				E72C3D241DAB939F00CD7BD3 /* KLSwiftTests */,
				E72C3D2F1DAB939F00CD7BD3 /* KLSwiftUITests */,
			);
		};
/* End PBXProject section */

/* Begin PBXResourcesBuildPhase section */
		E72C3D0F1DAB939F00CD7BD3 /* Resources */ = {
			isa = PBXResourcesBuildPhase;
			buildActionMask = 2147483647;
			files = (
				E7487A441DC990C5002F579D /* KLCollectionViewNormalCell.xib in Resources */,
				E7487A481DC990DC002F579D /* KLCollectionViewPrettyCell.xib in Resources */,
				E71F38351DD092C000AA3CFA /* KLCommentPannelView.xib in Resources */,
				E72C3D1F1DAB939F00CD7BD3 /* LaunchScreen.storyboard in Resources */,
				E7487A5C1DC9BFD7002F579D /* CollectionViewGameCell.xib in Resources */,
				E7487A3C1DC98821002F579D /* CollectionHeaderView.xib in Resources */,
				E7487A501DC9BF1A002F579D /* RecommendCycleView.xib in Resources */,
				E72C3D1C1DAB939F00CD7BD3 /* Assets.xcassets in Resources */,
				E707A5E11DC83CA700B8AFE9 /* Home.storyboard in Resources */,
				E71F38361DD092C000AA3CFA /* KLEditCommentView.xib in Resources */,
				E71F38341DD092C000AA3CFA /* KLCommentCell.xib in Resources */,
				E707A66E1DC8D51D00B8AFE9 /* Main.storyboard in Resources */,
				E7487A541DC9BF8D002F579D /* CollectionViewCycleCell.xib in Resources */,
				E7487A581DC9BFC0002F579D /* RecommendGameView.xib in Resources */,
			);
			runOnlyForDeploymentPostprocessing = 0;
		};
		E72C3D231DAB939F00CD7BD3 /* Resources */ = {
			isa = PBXResourcesBuildPhase;
			buildActionMask = 2147483647;
			files = (
			);
			runOnlyForDeploymentPostprocessing = 0;
		};
		E72C3D2E1DAB939F00CD7BD3 /* Resources */ = {
			isa = PBXResourcesBuildPhase;
			buildActionMask = 2147483647;
			files = (
			);
			runOnlyForDeploymentPostprocessing = 0;
		};
/* End PBXResourcesBuildPhase section */

/* Begin PBXShellScriptBuildPhase section */
		063CCFEAA7C66CE717CD1022 /* [CP] Copy Pods Resources */ = {
			isa = PBXShellScriptBuildPhase;
			buildActionMask = 2147483647;
			files = (
			);
			inputPaths = (
			);
			name = "[CP] Copy Pods Resources";
			outputPaths = (
			);
			runOnlyForDeploymentPostprocessing = 0;
			shellPath = /bin/sh;
			shellScript = "\"${SRCROOT}/Pods/Target Support Files/Pods-KLSwift/Pods-KLSwift-resources.sh\"\n";
			showEnvVarsInLog = 0;
		};
		5EC9C38CE9F5D613255C73E8 /* [CP] Embed Pods Frameworks */ = {
			isa = PBXShellScriptBuildPhase;
			buildActionMask = 2147483647;
			files = (
			);
			inputPaths = (
			);
			name = "[CP] Embed Pods Frameworks";
			outputPaths = (
			);
			runOnlyForDeploymentPostprocessing = 0;
			shellPath = /bin/sh;
			shellScript = "\"${SRCROOT}/Pods/Target Support Files/Pods-KLSwift/Pods-KLSwift-frameworks.sh\"\n";
			showEnvVarsInLog = 0;
		};
		8F7C7D6BED693451E8CEFC91 /* [CP] Check Pods Manifest.lock */ = {
			isa = PBXShellScriptBuildPhase;
			buildActionMask = 2147483647;
			files = (
			);
			inputPaths = (
			);
			name = "[CP] Check Pods Manifest.lock";
			outputPaths = (
			);
			runOnlyForDeploymentPostprocessing = 0;
			shellPath = /bin/sh;
			shellScript = "diff \"${PODS_ROOT}/../Podfile.lock\" \"${PODS_ROOT}/Manifest.lock\" > /dev/null\nif [[ $? != 0 ]] ; then\n    cat << EOM\nerror: The sandbox is not in sync with the Podfile.lock. Run 'pod install' or update your CocoaPods installation.\nEOM\n    exit 1\nfi\n";
			showEnvVarsInLog = 0;
		};
/* End PBXShellScriptBuildPhase section */

/* Begin PBXSourcesBuildPhase section */
		E72C3D0D1DAB939F00CD7BD3 /* Sources */ = {
			isa = PBXSourcesBuildPhase;
			buildActionMask = 2147483647;
			files = (
				E707A66D1DC8D51D00B8AFE9 /* KLBaseAnchorViewController.swift in Sources */,
				E71F38301DD0929E00AA3CFA /* KLCommentCell.swift in Sources */,
				E71F382A1DD091B800AA3CFA /* KLCommentViewController.swift in Sources */,
				E71F382C1DD0926E00AA3CFA /* KLEditCommentView.swift in Sources */,
				E7487A621DC9C0AA002F579D /* CycleModel.swift in Sources */,
				E7487A3B1DC98821002F579D /* CollectionHeaderView.swift in Sources */,
				E71F38381DD0987100AA3CFA /* KLCommentModel.swift in Sources */,
				E7487A4A1DC9BD71002F579D /* RecommendViewController.swift in Sources */,
				E7487A4C1DC9BDEB002F579D /* RecommendViewModel.swift in Sources */,
				E7487A641DC9C0E2002F579D /* GameModel.swift in Sources */,
				E71F383A1DD0B4CE00AA3CFA /* KLReplyCommentModel.swift in Sources */,
				E7487A5B1DC9BFD7002F579D /* CollectionViewGameCell.swift in Sources */,
				E7487A471DC990DC002F579D /* KLCollectionViewPrettyCell.swift in Sources */,
				E707A5E61DC846DF00B8AFE9 /* UIColor+Extension.swift in Sources */,
				E7AE94621DD1CC4C008974AD /* KLCommentView.swift in Sources */,
				E707A66C1DC8D51D00B8AFE9 /* CustomNavigationViewController.swift in Sources */,
				E71F383C1DD1649F00AA3CFA /* KLCommentViewModel.swift in Sources */,
				E707A66F1DC8D51E00B8AFE9 /* MainViewController.swift in Sources */,
				E707A6731DC8D60600B8AFE9 /* BaseGameModel.swift in Sources */,
				E707A5EC1DC8873100B8AFE9 /* PageContentView.swift in Sources */,
				E741290C1DC9EDD7007AF8D2 /* Date+Extension.swift in Sources */,
				E707A5E41DC83D5500B8AFE9 /* PageTitleView.swift in Sources */,
				E7487A561DC9BFAF002F579D /* RecommendGameView.swift in Sources */,
				E7487A5E1DC9C046002F579D /* GameViewController.swift in Sources */,
				E707A5E21DC83CA700B8AFE9 /* HomeViewController.swift in Sources */,
				E7487A4E1DC9BF04002F579D /* RecommendCycleView.swift in Sources */,
				E707A6771DC8D64500B8AFE9 /* AnchorModel.swift in Sources */,
				E7487A2F1DC9872E002F579D /* KLCollectionBaseCell.swift in Sources */,
				E71F382E1DD0928100AA3CFA /* KLCommentPannelView.swift in Sources */,
				E7487A531DC9BF8D002F579D /* CollectionViewCycleCell.swift in Sources */,
				E707A6711DC8D55D00B8AFE9 /* BaseViewModel.swift in Sources */,
				E7487A601DC9C081002F579D /* GameViewModel.swift in Sources */,
				E7487A431DC990C5002F579D /* KLCollectionViewNormalCell.swift in Sources */,
				E707A65D1DC8AAB100B8AFE9 /* NetworkTool.swift in Sources */,
				E707A66B1DC8D51D00B8AFE9 /* BaseViewController.swift in Sources */,
				E72C3D151DAB939F00CD7BD3 /* AppDelegate.swift in Sources */,
				E707A6751DC8D62D00B8AFE9 /* AnchorGroup.swift in Sources */,
				E707A5DA1DC832F300B8AFE9 /* UIBarButtonItem+Extension.swift in Sources */,
				E707A5EA1DC87CE500B8AFE9 /* KLConfig.swift in Sources */,
			);
			runOnlyForDeploymentPostprocessing = 0;
		};
		E72C3D211DAB939F00CD7BD3 /* Sources */ = {
			isa = PBXSourcesBuildPhase;
			buildActionMask = 2147483647;
			files = (
				E72C3D2A1DAB939F00CD7BD3 /* KLSwiftTests.swift in Sources */,
			);
			runOnlyForDeploymentPostprocessing = 0;
		};
		E72C3D2C1DAB939F00CD7BD3 /* Sources */ = {
			isa = PBXSourcesBuildPhase;
			buildActionMask = 2147483647;
			files = (
				E72C3D351DAB939F00CD7BD3 /* KLSwiftUITests.swift in Sources */,
			);
			runOnlyForDeploymentPostprocessing = 0;
		};
/* End PBXSourcesBuildPhase section */

/* Begin PBXTargetDependency section */
		E72C3D271DAB939F00CD7BD3 /* PBXTargetDependency */ = {
			isa = PBXTargetDependency;
			target = E72C3D101DAB939F00CD7BD3 /* KLSwift */;
			targetProxy = E72C3D261DAB939F00CD7BD3 /* PBXContainerItemProxy */;
		};
		E72C3D321DAB939F00CD7BD3 /* PBXTargetDependency */ = {
			isa = PBXTargetDependency;
			target = E72C3D101DAB939F00CD7BD3 /* KLSwift */;
			targetProxy = E72C3D311DAB939F00CD7BD3 /* PBXContainerItemProxy */;
		};
/* End PBXTargetDependency section */

/* Begin PBXVariantGroup section */
		E72C3D1D1DAB939F00CD7BD3 /* LaunchScreen.storyboard */ = {
			isa = PBXVariantGroup;
			children = (
				E72C3D1E1DAB939F00CD7BD3 /* Base */,
			);
			name = LaunchScreen.storyboard;
			sourceTree = "<group>";
		};
/* End PBXVariantGroup section */

/* Begin XCBuildConfiguration section */
		E72C3D371DAB939F00CD7BD3 /* Debug */ = {
			isa = XCBuildConfiguration;
			buildSettings = {
				ALWAYS_SEARCH_USER_PATHS = NO;
				CLANG_ANALYZER_NONNULL = YES;
				CLANG_CXX_LANGUAGE_STANDARD = "gnu++0x";
				CLANG_CXX_LIBRARY = "libc++";
				CLANG_ENABLE_MODULES = YES;
				CLANG_ENABLE_OBJC_ARC = YES;
				CLANG_WARN_BOOL_CONVERSION = YES;
				CLANG_WARN_CONSTANT_CONVERSION = YES;
				CLANG_WARN_DIRECT_OBJC_ISA_USAGE = YES_ERROR;
				CLANG_WARN_DOCUMENTATION_COMMENTS = YES;
				CLANG_WARN_EMPTY_BODY = YES;
				CLANG_WARN_ENUM_CONVERSION = YES;
				CLANG_WARN_INFINITE_RECURSION = YES;
				CLANG_WARN_INT_CONVERSION = YES;
				CLANG_WARN_OBJC_ROOT_CLASS = YES_ERROR;
				CLANG_WARN_SUSPICIOUS_MOVES = YES;
				CLANG_WARN_UNREACHABLE_CODE = YES;
				CLANG_WARN__DUPLICATE_METHOD_MATCH = YES;
				"CODE_SIGN_IDENTITY[sdk=iphoneos*]" = "iPhone Developer";
				COPY_PHASE_STRIP = NO;
				DEBUG_INFORMATION_FORMAT = dwarf;
				ENABLE_STRICT_OBJC_MSGSEND = YES;
				ENABLE_TESTABILITY = YES;
				GCC_C_LANGUAGE_STANDARD = gnu99;
				GCC_DYNAMIC_NO_PIC = NO;
				GCC_NO_COMMON_BLOCKS = YES;
				GCC_OPTIMIZATION_LEVEL = 0;
				GCC_PREPROCESSOR_DEFINITIONS = (
					"DEBUG=1",
					"$(inherited)",
				);
				GCC_WARN_64_TO_32_BIT_CONVERSION = YES;
				GCC_WARN_ABOUT_RETURN_TYPE = YES_ERROR;
				GCC_WARN_UNDECLARED_SELECTOR = YES;
				GCC_WARN_UNINITIALIZED_AUTOS = YES_AGGRESSIVE;
				GCC_WARN_UNUSED_FUNCTION = YES;
				GCC_WARN_UNUSED_VARIABLE = YES;
				IPHONEOS_DEPLOYMENT_TARGET = 10.0;
				MTL_ENABLE_DEBUG_INFO = YES;
				ONLY_ACTIVE_ARCH = YES;
				SDKROOT = iphoneos;
				SWIFT_ACTIVE_COMPILATION_CONDITIONS = DEBUG;
				SWIFT_OPTIMIZATION_LEVEL = "-Onone";
			};
			name = Debug;
		};
		E72C3D381DAB939F00CD7BD3 /* Release */ = {
			isa = XCBuildConfiguration;
			buildSettings = {
				ALWAYS_SEARCH_USER_PATHS = NO;
				CLANG_ANALYZER_NONNULL = YES;
				CLANG_CXX_LANGUAGE_STANDARD = "gnu++0x";
				CLANG_CXX_LIBRARY = "libc++";
				CLANG_ENABLE_MODULES = YES;
				CLANG_ENABLE_OBJC_ARC = YES;
				CLANG_WARN_BOOL_CONVERSION = YES;
				CLANG_WARN_CONSTANT_CONVERSION = YES;
				CLANG_WARN_DIRECT_OBJC_ISA_USAGE = YES_ERROR;
				CLANG_WARN_DOCUMENTATION_COMMENTS = YES;
				CLANG_WARN_EMPTY_BODY = YES;
				CLANG_WARN_ENUM_CONVERSION = YES;
				CLANG_WARN_INFINITE_RECURSION = YES;
				CLANG_WARN_INT_CONVERSION = YES;
				CLANG_WARN_OBJC_ROOT_CLASS = YES_ERROR;
				CLANG_WARN_SUSPICIOUS_MOVES = YES;
				CLANG_WARN_UNREACHABLE_CODE = YES;
				CLANG_WARN__DUPLICATE_METHOD_MATCH = YES;
				"CODE_SIGN_IDENTITY[sdk=iphoneos*]" = "iPhone Developer";
				COPY_PHASE_STRIP = NO;
				DEBUG_INFORMATION_FORMAT = "dwarf-with-dsym";
				ENABLE_NS_ASSERTIONS = NO;
				ENABLE_STRICT_OBJC_MSGSEND = YES;
				GCC_C_LANGUAGE_STANDARD = gnu99;
				GCC_NO_COMMON_BLOCKS = YES;
				GCC_WARN_64_TO_32_BIT_CONVERSION = YES;
				GCC_WARN_ABOUT_RETURN_TYPE = YES_ERROR;
				GCC_WARN_UNDECLARED_SELECTOR = YES;
				GCC_WARN_UNINITIALIZED_AUTOS = YES_AGGRESSIVE;
				GCC_WARN_UNUSED_FUNCTION = YES;
				GCC_WARN_UNUSED_VARIABLE = YES;
				IPHONEOS_DEPLOYMENT_TARGET = 10.0;
				MTL_ENABLE_DEBUG_INFO = NO;
				SDKROOT = iphoneos;
				SWIFT_OPTIMIZATION_LEVEL = "-Owholemodule";
				VALIDATE_PRODUCT = YES;
			};
			name = Release;
		};
		E72C3D3A1DAB939F00CD7BD3 /* Debug */ = {
			isa = XCBuildConfiguration;
			baseConfigurationReference = 1791569171D00691B3FC608C /* Pods-KLSwift.debug.xcconfig */;
			buildSettings = {
				ASSETCATALOG_COMPILER_APPICON_NAME = AppIcon;
				CLANG_ENABLE_MODULES = YES;
				DEVELOPMENT_TEAM = XZYC99L9ML;
				INFOPLIST_FILE = KLSwift/Info.plist;
				LD_RUNPATH_SEARCH_PATHS = "$(inherited) @executable_path/Frameworks";
				PRODUCT_BUNDLE_IDENTIFIER = net.3wchina.KLSwift;
				PRODUCT_NAME = "$(TARGET_NAME)";
				PROVISIONING_PROFILE = "cfab2bd5-b131-4b97-ad06-e30b908de66f";
				PROVISIONING_PROFILE_SPECIFIER = xiduobaodemoProfile;
				SWIFT_OBJC_BRIDGING_HEADER = "";
				SWIFT_OPTIMIZATION_LEVEL = "-Onone";
				SWIFT_VERSION = 3.0;
			};
			name = Debug;
		};
		E72C3D3B1DAB939F00CD7BD3 /* Release */ = {
			isa = XCBuildConfiguration;
			baseConfigurationReference = 355E085F808E5EE0625D4228 /* Pods-KLSwift.release.xcconfig */;
			buildSettings = {
				ASSETCATALOG_COMPILER_APPICON_NAME = AppIcon;
				CLANG_ENABLE_MODULES = YES;
				DEVELOPMENT_TEAM = XZYC99L9ML;
				INFOPLIST_FILE = KLSwift/Info.plist;
				LD_RUNPATH_SEARCH_PATHS = "$(inherited) @executable_path/Frameworks";
				PRODUCT_BUNDLE_IDENTIFIER = net.3wchina.KLSwift;
				PRODUCT_NAME = "$(TARGET_NAME)";
				PROVISIONING_PROFILE = "cfab2bd5-b131-4b97-ad06-e30b908de66f";
				PROVISIONING_PROFILE_SPECIFIER = xiduobaodemoProfile;
				SWIFT_OBJC_BRIDGING_HEADER = "";
				SWIFT_VERSION = 3.0;
			};
			name = Release;
		};
		E72C3D3D1DAB939F00CD7BD3 /* Debug */ = {
			isa = XCBuildConfiguration;
			buildSettings = {
				ALWAYS_EMBED_SWIFT_STANDARD_LIBRARIES = YES;
				BUNDLE_LOADER = "$(TEST_HOST)";
				INFOPLIST_FILE = KLSwiftTests/Info.plist;
				LD_RUNPATH_SEARCH_PATHS = "$(inherited) @executable_path/Frameworks @loader_path/Frameworks";
				PRODUCT_BUNDLE_IDENTIFIER = net.3wchina.KLSwiftTests;
				PRODUCT_NAME = "$(TARGET_NAME)";
				SWIFT_VERSION = 3.0;
				TEST_HOST = "$(BUILT_PRODUCTS_DIR)/KLSwift.app/KLSwift";
			};
			name = Debug;
		};
		E72C3D3E1DAB939F00CD7BD3 /* Release */ = {
			isa = XCBuildConfiguration;
			buildSettings = {
				ALWAYS_EMBED_SWIFT_STANDARD_LIBRARIES = YES;
				BUNDLE_LOADER = "$(TEST_HOST)";
				INFOPLIST_FILE = KLSwiftTests/Info.plist;
				LD_RUNPATH_SEARCH_PATHS = "$(inherited) @executable_path/Frameworks @loader_path/Frameworks";
				PRODUCT_BUNDLE_IDENTIFIER = net.3wchina.KLSwiftTests;
				PRODUCT_NAME = "$(TARGET_NAME)";
				SWIFT_VERSION = 3.0;
				TEST_HOST = "$(BUILT_PRODUCTS_DIR)/KLSwift.app/KLSwift";
			};
			name = Release;
		};
		E72C3D401DAB939F00CD7BD3 /* Debug */ = {
			isa = XCBuildConfiguration;
			buildSettings = {
				ALWAYS_EMBED_SWIFT_STANDARD_LIBRARIES = YES;
				INFOPLIST_FILE = KLSwiftUITests/Info.plist;
				LD_RUNPATH_SEARCH_PATHS = "$(inherited) @executable_path/Frameworks @loader_path/Frameworks";
				PRODUCT_BUNDLE_IDENTIFIER = net.3wchina.KLSwiftUITests;
				PRODUCT_NAME = "$(TARGET_NAME)";
				SWIFT_VERSION = 3.0;
				TEST_TARGET_NAME = KLSwift;
			};
			name = Debug;
		};
		E72C3D411DAB939F00CD7BD3 /* Release */ = {
			isa = XCBuildConfiguration;
			buildSettings = {
				ALWAYS_EMBED_SWIFT_STANDARD_LIBRARIES = YES;
				INFOPLIST_FILE = KLSwiftUITests/Info.plist;
				LD_RUNPATH_SEARCH_PATHS = "$(inherited) @executable_path/Frameworks @loader_path/Frameworks";
				PRODUCT_BUNDLE_IDENTIFIER = net.3wchina.KLSwiftUITests;
				PRODUCT_NAME = "$(TARGET_NAME)";
				SWIFT_VERSION = 3.0;
				TEST_TARGET_NAME = KLSwift;
			};
			name = Release;
		};
/* End XCBuildConfiguration section */

/* Begin XCConfigurationList section */
		E72C3D0C1DAB939F00CD7BD3 /* Build configuration list for PBXProject "KLSwift" */ = {
			isa = XCConfigurationList;
			buildConfigurations = (
				E72C3D371DAB939F00CD7BD3 /* Debug */,
				E72C3D381DAB939F00CD7BD3 /* Release */,
			);
			defaultConfigurationIsVisible = 0;
			defaultConfigurationName = Release;
		};
		E72C3D391DAB939F00CD7BD3 /* Build configuration list for PBXNativeTarget "KLSwift" */ = {
			isa = XCConfigurationList;
			buildConfigurations = (
				E72C3D3A1DAB939F00CD7BD3 /* Debug */,
				E72C3D3B1DAB939F00CD7BD3 /* Release */,
			);
			defaultConfigurationIsVisible = 0;
			defaultConfigurationName = Release;
		};
		E72C3D3C1DAB939F00CD7BD3 /* Build configuration list for PBXNativeTarget "KLSwiftTests" */ = {
			isa = XCConfigurationList;
			buildConfigurations = (
				E72C3D3D1DAB939F00CD7BD3 /* Debug */,
				E72C3D3E1DAB939F00CD7BD3 /* Release */,
			);
			defaultConfigurationIsVisible = 0;
			defaultConfigurationName = Release;
		};
		E72C3D3F1DAB939F00CD7BD3 /* Build configuration list for PBXNativeTarget "KLSwiftUITests" */ = {
			isa = XCConfigurationList;
			buildConfigurations = (
				E72C3D401DAB939F00CD7BD3 /* Debug */,
				E72C3D411DAB939F00CD7BD3 /* Release */,
			);
			defaultConfigurationIsVisible = 0;
			defaultConfigurationName = Release;
		};
/* End XCConfigurationList section */
	};
	rootObject = E72C3D091DAB939F00CD7BD3 /* Project object */;
}
